// !$*UTF8*$!
{
	archiveVersion = 1;
	classes = {
	};
	objectVersion = 56;
	objects = {

/* Begin PBXBuildFile section */
		833AAB442C427A1C00166EFD /* MoviesListViewController.swift in Sources */ = {isa = PBXBuildFile; fileRef = 833AAB432C427A1C00166EFD /* MoviesListViewController.swift */; };
		B82E16DD2C4509D100EC3AF0 /* CustomSegmentedControl.swift in Sources */ = {isa = PBXBuildFile; fileRef = B82E16DC2C4509D100EC3AF0 /* CustomSegmentedControl.swift */; };
		B85795EA2C410B5C001AF144 /* movies.json in Resources */ = {isa = PBXBuildFile; fileRef = B85795E92C410B5C001AF144 /* movies.json */; };
		B85795EC2C410DB3001AF144 /* MovieDataModel.swift in Sources */ = {isa = PBXBuildFile; fileRef = B85795EB2C410DB3001AF144 /* MovieDataModel.swift */; };
		B85795EF2C411D56001AF144 /* Array+Extensions.swift in Sources */ = {isa = PBXBuildFile; fileRef = B85795EE2C411D56001AF144 /* Array+Extensions.swift */; };
		B85795F12C411D73001AF144 /* UIImageView+Extensions.swift in Sources */ = {isa = PBXBuildFile; fileRef = B85795F02C411D73001AF144 /* UIImageView+Extensions.swift */; };
		B85795FD2C414BC8001AF144 /* MovieTableViewCell.xib in Resources */ = {isa = PBXBuildFile; fileRef = B85795FC2C414BC8001AF144 /* MovieTableViewCell.xib */; };
		B85795FF2C414C35001AF144 /* MovieTableViewCell.swift in Sources */ = {isa = PBXBuildFile; fileRef = B85795FE2C414C35001AF144 /* MovieTableViewCell.swift */; };
		B85796032C41A5C0001AF144 /* CustomRatingView.swift in Sources */ = {isa = PBXBuildFile; fileRef = B85796022C41A5C0001AF144 /* CustomRatingView.swift */; };
		B85796052C41A629001AF144 /* MovieDetailsViewController.swift in Sources */ = {isa = PBXBuildFile; fileRef = B85796042C41A629001AF144 /* MovieDetailsViewController.swift */; };
		B874130A2C40FD3C003A7D44 /* AppDelegate.swift in Sources */ = {isa = PBXBuildFile; fileRef = B87413092C40FD3C003A7D44 /* AppDelegate.swift */; };
		B874130C2C40FD3C003A7D44 /* SceneDelegate.swift in Sources */ = {isa = PBXBuildFile; fileRef = B874130B2C40FD3C003A7D44 /* SceneDelegate.swift */; };
		B874130E2C40FD3C003A7D44 /* MovieViewController.swift in Sources */ = {isa = PBXBuildFile; fileRef = B874130D2C40FD3C003A7D44 /* MovieViewController.swift */; };
		B87413112C40FD3C003A7D44 /* Main.storyboard in Resources */ = {isa = PBXBuildFile; fileRef = B874130F2C40FD3C003A7D44 /* Main.storyboard */; };
		B87413132C40FD3F003A7D44 /* Assets.xcassets in Resources */ = {isa = PBXBuildFile; fileRef = B87413122C40FD3F003A7D44 /* Assets.xcassets */; };
		B87413162C40FD3F003A7D44 /* LaunchScreen.storyboard in Resources */ = {isa = PBXBuildFile; fileRef = B87413142C40FD3F003A7D44 /* LaunchScreen.storyboard */; };
/* End PBXBuildFile section */

/* Begin PBXFileReference section */
		833AAB432C427A1C00166EFD /* MoviesListViewController.swift */ = {isa = PBXFileReference; lastKnownFileType = sourcecode.swift; path = MoviesListViewController.swift; sourceTree = "<group>"; };
		B82E16DC2C4509D100EC3AF0 /* CustomSegmentedControl.swift */ = {isa = PBXFileReference; lastKnownFileType = sourcecode.swift; path = CustomSegmentedControl.swift; sourceTree = "<group>"; };
		B85795E92C410B5C001AF144 /* movies.json */ = {isa = PBXFileReference; fileEncoding = 4; lastKnownFileType = text.json; path = movies.json; sourceTree = "<group>"; };
		B85795EB2C410DB3001AF144 /* MovieDataModel.swift */ = {isa = PBXFileReference; lastKnownFileType = sourcecode.swift; path = MovieDataModel.swift; sourceTree = "<group>"; };
		B85795EE2C411D56001AF144 /* Array+Extensions.swift */ = {isa = PBXFileReference; lastKnownFileType = sourcecode.swift; path = "Array+Extensions.swift"; sourceTree = "<group>"; };
		B85795F02C411D73001AF144 /* UIImageView+Extensions.swift */ = {isa = PBXFileReference; lastKnownFileType = sourcecode.swift; path = "UIImageView+Extensions.swift"; sourceTree = "<group>"; };
		B85795FC2C414BC8001AF144 /* MovieTableViewCell.xib */ = {isa = PBXFileReference; lastKnownFileType = file.xib; path = MovieTableViewCell.xib; sourceTree = "<group>"; };
		B85795FE2C414C35001AF144 /* MovieTableViewCell.swift */ = {isa = PBXFileReference; lastKnownFileType = sourcecode.swift; path = MovieTableViewCell.swift; sourceTree = "<group>"; };
		B85796022C41A5C0001AF144 /* CustomRatingView.swift */ = {isa = PBXFileReference; lastKnownFileType = sourcecode.swift; path = CustomRatingView.swift; sourceTree = "<group>"; };
		B85796042C41A629001AF144 /* MovieDetailsViewController.swift */ = {isa = PBXFileReference; lastKnownFileType = sourcecode.swift; path = MovieDetailsViewController.swift; sourceTree = "<group>"; };
		B87413062C40FD3C003A7D44 /* Movies_Database_App.app */ = {isa = PBXFileReference; explicitFileType = wrapper.application; includeInIndex = 0; path = Movies_Database_App.app; sourceTree = BUILT_PRODUCTS_DIR; };
		B87413092C40FD3C003A7D44 /* AppDelegate.swift */ = {isa = PBXFileReference; lastKnownFileType = sourcecode.swift; path = AppDelegate.swift; sourceTree = "<group>"; };
		B874130B2C40FD3C003A7D44 /* SceneDelegate.swift */ = {isa = PBXFileReference; lastKnownFileType = sourcecode.swift; path = SceneDelegate.swift; sourceTree = "<group>"; };
		B874130D2C40FD3C003A7D44 /* MovieViewController.swift */ = {isa = PBXFileReference; lastKnownFileType = sourcecode.swift; path = MovieViewController.swift; sourceTree = "<group>"; };
		B87413102C40FD3C003A7D44 /* Base */ = {isa = PBXFileReference; lastKnownFileType = file.storyboard; name = Base; path = Base.lproj/Main.storyboard; sourceTree = "<group>"; };
		B87413122C40FD3F003A7D44 /* Assets.xcassets */ = {isa = PBXFileReference; lastKnownFileType = folder.assetcatalog; path = Assets.xcassets; sourceTree = "<group>"; };
		B87413152C40FD3F003A7D44 /* Base */ = {isa = PBXFileReference; lastKnownFileType = file.storyboard; name = Base; path = Base.lproj/LaunchScreen.storyboard; sourceTree = "<group>"; };
		B87413172C40FD40003A7D44 /* Info.plist */ = {isa = PBXFileReference; lastKnownFileType = text.plist.xml; path = Info.plist; sourceTree = "<group>"; };
/* End PBXFileReference section */

/* Begin PBXFrameworksBuildPhase section */
		B87413032C40FD3C003A7D44 /* Frameworks */ = {
			isa = PBXFrameworksBuildPhase;
			buildActionMask = 2147483647;
			files = (
			);
			runOnlyForDeploymentPostprocessing = 0;
		};
/* End PBXFrameworksBuildPhase section */

/* Begin PBXGroup section */
		B85795E82C410B2D001AF144 /* JSON file */ = {
			isa = PBXGroup;
			children = (
				B85795E92C410B5C001AF144 /* movies.json */,
			);
			path = "JSON file";
			sourceTree = "<group>";
		};
		B85795ED2C411D29001AF144 /* Extentions */ = {
			isa = PBXGroup;
			children = (
				B85795EE2C411D56001AF144 /* Array+Extensions.swift */,
				B85795F02C411D73001AF144 /* UIImageView+Extensions.swift */,
			);
			path = Extentions;
			sourceTree = "<group>";
		};
		B87412FD2C40FD3C003A7D44 = {
			isa = PBXGroup;
			children = (
				B87413082C40FD3C003A7D44 /* Movies_Database_App */,
				B87413072C40FD3C003A7D44 /* Products */,
			);
			sourceTree = "<group>";
		};
		B87413072C40FD3C003A7D44 /* Products */ = {
			isa = PBXGroup;
			children = (
				B87413062C40FD3C003A7D44 /* Movies_Database_App.app */,
			);
			name = Products;
			sourceTree = "<group>";
		};
		B87413082C40FD3C003A7D44 /* Movies_Database_App */ = {
			isa = PBXGroup;
			children = (
				B85795ED2C411D29001AF144 /* Extentions */,
				B87413092C40FD3C003A7D44 /* AppDelegate.swift */,
				B85795EB2C410DB3001AF144 /* MovieDataModel.swift */,
				B874130B2C40FD3C003A7D44 /* SceneDelegate.swift */,
				B874130D2C40FD3C003A7D44 /* MovieViewController.swift */,
				B874130F2C40FD3C003A7D44 /* Main.storyboard */,
				B87413122C40FD3F003A7D44 /* Assets.xcassets */,
				B87413142C40FD3F003A7D44 /* LaunchScreen.storyboard */,
				B85795E82C410B2D001AF144 /* JSON file */,
				B87413172C40FD40003A7D44 /* Info.plist */,
				B85795FC2C414BC8001AF144 /* MovieTableViewCell.xib */,
				B85795FE2C414C35001AF144 /* MovieTableViewCell.swift */,
				B85796022C41A5C0001AF144 /* CustomRatingView.swift */,
				B85796042C41A629001AF144 /* MovieDetailsViewController.swift */,
				833AAB432C427A1C00166EFD /* MoviesListViewController.swift */,
				B82E16DC2C4509D100EC3AF0 /* CustomSegmentedControl.swift */,
			);
			path = Movies_Database_App;
			sourceTree = "<group>";
		};
/* End PBXGroup section */

/* Begin PBXNativeTarget section */
		B87413052C40FD3C003A7D44 /* Movies_Database_App */ = {
			isa = PBXNativeTarget;
			buildConfigurationList = B874131A2C40FD40003A7D44 /* Build configuration list for PBXNativeTarget "Movies_Database_App" */;
			buildPhases = (
				B87413022C40FD3C003A7D44 /* Sources */,
				B87413032C40FD3C003A7D44 /* Frameworks */,
				B87413042C40FD3C003A7D44 /* Resources */,
			);
			buildRules = (
			);
			dependencies = (
			);
			name = Movies_Database_App;
			productName = Movies_Database_App;
			productReference = B87413062C40FD3C003A7D44 /* Movies_Database_App.app */;
			productType = "com.apple.product-type.application";
		};
/* End PBXNativeTarget section */

/* Begin PBXProject section */
		B87412FE2C40FD3C003A7D44 /* Project object */ = {
			isa = PBXProject;
			attributes = {
				BuildIndependentTargetsInParallel = 1;
				LastSwiftUpdateCheck = 1520;
				LastUpgradeCheck = 1520;
				TargetAttributes = {
					B87413052C40FD3C003A7D44 = {
						CreatedOnToolsVersion = 15.2;
					};
				};
			};
			buildConfigurationList = B87413012C40FD3C003A7D44 /* Build configuration list for PBXProject "Movies_Database_App" */;
			compatibilityVersion = "Xcode 14.0";
			developmentRegion = en;
			hasScannedForEncodings = 0;
			knownRegions = (
				en,
				Base,
			);
			mainGroup = B87412FD2C40FD3C003A7D44;
			productRefGroup = B87413072C40FD3C003A7D44 /* Products */;
			projectDirPath = "";
			projectRoot = "";
			targets = (
				B87413052C40FD3C003A7D44 /* Movies_Database_App */,
			);
		};
/* End PBXProject section */

/* Begin PBXResourcesBuildPhase section */
		B87413042C40FD3C003A7D44 /* Resources */ = {
			isa = PBXResourcesBuildPhase;
			buildActionMask = 2147483647;
			files = (
				B87413162C40FD3F003A7D44 /* LaunchScreen.storyboard in Resources */,
				B85795FD2C414BC8001AF144 /* MovieTableViewCell.xib in Resources */,
				B87413132C40FD3F003A7D44 /* Assets.xcassets in Resources */,
				B85795EA2C410B5C001AF144 /* movies.json in Resources */,
				B87413112C40FD3C003A7D44 /* Main.storyboard in Resources */,
			);
			runOnlyForDeploymentPostprocessing = 0;
		};
/* End PBXResourcesBuildPhase section */

/* Begin PBXSourcesBuildPhase section */
		B87413022C40FD3C003A7D44 /* Sources */ = {
			isa = PBXSourcesBuildPhase;
			buildActionMask = 2147483647;
			files = (
				B85795F12C411D73001AF144 /* UIImageView+Extensions.swift in Sources */,
				B874130E2C40FD3C003A7D44 /* MovieViewController.swift in Sources */,
				B85796052C41A629001AF144 /* MovieDetailsViewController.swift in Sources */,
				B85795FF2C414C35001AF144 /* MovieTableViewCell.swift in Sources */,
				B85795EF2C411D56001AF144 /* Array+Extensions.swift in Sources */,
				B874130A2C40FD3C003A7D44 /* AppDelegate.swift in Sources */,
				B85796032C41A5C0001AF144 /* CustomRatingView.swift in Sources */,
				B82E16DD2C4509D100EC3AF0 /* CustomSegmentedControl.swift in Sources */,
				833AAB442C427A1C00166EFD /* MoviesListViewController.swift in Sources */,
				B85795EC2C410DB3001AF144 /* MovieDataModel.swift in Sources */,
				B874130C2C40FD3C003A7D44 /* SceneDelegate.swift in Sources */,
			);
			runOnlyForDeploymentPostprocessing = 0;
		};
/* End PBXSourcesBuildPhase section */

/* Begin PBXVariantGroup section */
		B874130F2C40FD3C003A7D44 /* Main.storyboard */ = {
			isa = PBXVariantGroup;
			children = (
				B87413102C40FD3C003A7D44 /* Base */,
			);
			name = Main.storyboard;
			sourceTree = "<group>";
		};
		B87413142C40FD3F003A7D44 /* LaunchScreen.storyboard */ = {
			isa = PBXVariantGroup;
			children = (
				B87413152C40FD3F003A7D44 /* Base */,
			);
			name = LaunchScreen.storyboard;
			sourceTree = "<group>";
		};
/* End PBXVariantGroup section */

/* Begin XCBuildConfiguration section */
		B87413182C40FD40003A7D44 /* Debug */ = {
			isa = XCBuildConfiguration;
			buildSettings = {
				ALWAYS_SEARCH_USER_PATHS = NO;
				ASSETCATALOG_COMPILER_GENERATE_SWIFT_ASSET_SYMBOL_EXTENSIONS = YES;
				CLANG_ANALYZER_NONNULL = YES;
				CLANG_ANALYZER_NUMBER_OBJECT_CONVERSION = YES_AGGRESSIVE;
				CLANG_CXX_LANGUAGE_STANDARD = "gnu++20";
				CLANG_ENABLE_MODULES = YES;
				CLANG_ENABLE_OBJC_ARC = YES;
				CLANG_ENABLE_OBJC_WEAK = YES;
				CLANG_WARN_BLOCK_CAPTURE_AUTORELEASING = YES;
				CLANG_WARN_BOOL_CONVERSION = YES;
				CLANG_WARN_COMMA = YES;
				CLANG_WARN_CONSTANT_CONVERSION = YES;
				CLANG_WARN_DEPRECATED_OBJC_IMPLEMENTATIONS = YES;
				CLANG_WARN_DIRECT_OBJC_ISA_USAGE = YES_ERROR;
				CLANG_WARN_DOCUMENTATION_COMMENTS = YES;
				CLANG_WARN_EMPTY_BODY = YES;
				CLANG_WARN_ENUM_CONVERSION = YES;
				CLANG_WARN_INFINITE_RECURSION = YES;
				CLANG_WARN_INT_CONVERSION = YES;
				CLANG_WARN_NON_LITERAL_NULL_CONVERSION = YES;
				CLANG_WARN_OBJC_IMPLICIT_RETAIN_SELF = YES;
				CLANG_WARN_OBJC_LITERAL_CONVERSION = YES;
				CLANG_WARN_OBJC_ROOT_CLASS = YES_ERROR;
				CLANG_WARN_QUOTED_INCLUDE_IN_FRAMEWORK_HEADER = YES;
				CLANG_WARN_RANGE_LOOP_ANALYSIS = YES;
				CLANG_WARN_STRICT_PROTOTYPES = YES;
				CLANG_WARN_SUSPICIOUS_MOVE = YES;
				CLANG_WARN_UNGUARDED_AVAILABILITY = YES_AGGRESSIVE;
				CLANG_WARN_UNREACHABLE_CODE = YES;
				CLANG_WARN__DUPLICATE_METHOD_MATCH = YES;
				COPY_PHASE_STRIP = NO;
				DEBUG_INFORMATION_FORMAT = dwarf;
				ENABLE_STRICT_OBJC_MSGSEND = YES;
				ENABLE_TESTABILITY = YES;
				ENABLE_USER_SCRIPT_SANDBOXING = YES;
				GCC_C_LANGUAGE_STANDARD = gnu17;
				GCC_DYNAMIC_NO_PIC = NO;
				GCC_NO_COMMON_BLOCKS = YES;
				GCC_OPTIMIZATION_LEVEL = 0;
				GCC_PREPROCESSOR_DEFINITIONS = (
					"DEBUG=1",
					"$(inherited)",
				);
				GCC_WARN_64_TO_32_BIT_CONVERSION = YES;
				GCC_WARN_ABOUT_RETURN_TYPE = YES_ERROR;
				GCC_WARN_UNDECLARED_SELECTOR = YES;
				GCC_WARN_UNINITIALIZED_AUTOS = YES_AGGRESSIVE;
				GCC_WARN_UNUSED_FUNCTION = YES;
				GCC_WARN_UNUSED_VARIABLE = YES;
				INSTALL_OWNER = "Sameer Jain";
				IPHONEOS_DEPLOYMENT_TARGET = 17.2;
				LOCALIZATION_PREFERS_STRING_CATALOGS = YES;
				MTL_ENABLE_DEBUG_INFO = INCLUDE_SOURCE;
				MTL_FAST_MATH = YES;
				ONLY_ACTIVE_ARCH = YES;
				SDKROOT = iphoneos;
				SWIFT_ACTIVE_COMPILATION_CONDITIONS = "DEBUG $(inherited)";
				SWIFT_OPTIMIZATION_LEVEL = "-Onone";
			};
			name = Debug;
		};
		B87413192C40FD40003A7D44 /* Release */ = {
			isa = XCBuildConfiguration;
			buildSettings = {
				ALWAYS_SEARCH_USER_PATHS = NO;
				ASSETCATALOG_COMPILER_GENERATE_SWIFT_ASSET_SYMBOL_EXTENSIONS = YES;
				CLANG_ANALYZER_NONNULL = YES;
				CLANG_ANALYZER_NUMBER_OBJECT_CONVERSION = YES_AGGRESSIVE;
				CLANG_CXX_LANGUAGE_STANDARD = "gnu++20";
				CLANG_ENABLE_MODULES = YES;
				CLANG_ENABLE_OBJC_ARC = YES;
				CLANG_ENABLE_OBJC_WEAK = YES;
				CLANG_WARN_BLOCK_CAPTURE_AUTORELEASING = YES;
				CLANG_WARN_BOOL_CONVERSION = YES;
				CLANG_WARN_COMMA = YES;
				CLANG_WARN_CONSTANT_CONVERSION = YES;
				CLANG_WARN_DEPRECATED_OBJC_IMPLEMENTATIONS = YES;
				CLANG_WARN_DIRECT_OBJC_ISA_USAGE = YES_ERROR;
				CLANG_WARN_DOCUMENTATION_COMMENTS = YES;
				CLANG_WARN_EMPTY_BODY = YES;
				CLANG_WARN_ENUM_CONVERSION = YES;
				CLANG_WARN_INFINITE_RECURSION = YES;
				CLANG_WARN_INT_CONVERSION = YES;
				CLANG_WARN_NON_LITERAL_NULL_CONVERSION = YES;
				CLANG_WARN_OBJC_IMPLICIT_RETAIN_SELF = YES;
				CLANG_WARN_OBJC_LITERAL_CONVERSION = YES;
				CLANG_WARN_OBJC_ROOT_CLASS = YES_ERROR;
				CLANG_WARN_QUOTED_INCLUDE_IN_FRAMEWORK_HEADER = YES;
				CLANG_WARN_RANGE_LOOP_ANALYSIS = YES;
				CLANG_WARN_STRICT_PROTOTYPES = YES;
				CLANG_WARN_SUSPICIOUS_MOVE = YES;
				CLANG_WARN_UNGUARDED_AVAILABILITY = YES_AGGRESSIVE;
				CLANG_WARN_UNREACHABLE_CODE = YES;
				CLANG_WARN__DUPLICATE_METHOD_MATCH = YES;
				COPY_PHASE_STRIP = NO;
				DEBUG_INFORMATION_FORMAT = "dwarf-with-dsym";
				ENABLE_NS_ASSERTIONS = NO;
				ENABLE_STRICT_OBJC_MSGSEND = YES;
				ENABLE_USER_SCRIPT_SANDBOXING = YES;
				GCC_C_LANGUAGE_STANDARD = gnu17;
				GCC_NO_COMMON_BLOCKS = YES;
				GCC_WARN_64_TO_32_BIT_CONVERSION = YES;
				GCC_WARN_ABOUT_RETURN_TYPE = YES_ERROR;
				GCC_WARN_UNDECLARED_SELECTOR = YES;
				GCC_WARN_UNINITIALIZED_AUTOS = YES_AGGRESSIVE;
				GCC_WARN_UNUSED_FUNCTION = YES;
				GCC_WARN_UNUSED_VARIABLE = YES;
				INSTALL_OWNER = "Sameer Jain";
				IPHONEOS_DEPLOYMENT_TARGET = 17.2;
				LOCALIZATION_PREFERS_STRING_CATALOGS = YES;
				MTL_ENABLE_DEBUG_INFO = NO;
				MTL_FAST_MATH = YES;
				SDKROOT = iphoneos;
				SWIFT_COMPILATION_MODE = wholemodule;
				VALIDATE_PRODUCT = YES;
			};
			name = Release;
		};
		B874131B2C40FD40003A7D44 /* Debug */ = {
			isa = XCBuildConfiguration;
			buildSettings = {
				ASSETCATALOG_COMPILER_APPICON_NAME = AppIcon;
				ASSETCATALOG_COMPILER_GLOBAL_ACCENT_COLOR_NAME = AccentColor;
				CODE_SIGN_STYLE = Automatic;
				CURRENT_PROJECT_VERSION = 1;
				GENERATE_INFOPLIST_FILE = YES;
				INFOPLIST_FILE = Movies_Database_App/Info.plist;
				INFOPLIST_KEY_UIApplicationSupportsIndirectInputEvents = YES;
				INFOPLIST_KEY_UILaunchStoryboardName = LaunchScreen;
				INFOPLIST_KEY_UIMainStoryboardFile = Main;
				INFOPLIST_KEY_UISupportedInterfaceOrientations_iPad = "UIInterfaceOrientationPortrait UIInterfaceOrientationPortraitUpsideDown UIInterfaceOrientationLandscapeLeft UIInterfaceOrientationLandscapeRight";
				INFOPLIST_KEY_UISupportedInterfaceOrientations_iPhone = "UIInterfaceOrientationPortrait UIInterfaceOrientationLandscapeLeft UIInterfaceOrientationLandscapeRight";
				LD_RUNPATH_SEARCH_PATHS = (
					"$(inherited)",
					"@executable_path/Frameworks",
				);
				MARKETING_VERSION = 1.0;
				PRODUCT_BUNDLE_IDENTIFIER = "com.cricbuzz.Movies-Database-App";
				PRODUCT_NAME = "$(TARGET_NAME)";
				SWIFT_EMIT_LOC_STRINGS = YES;
				SWIFT_VERSION = 5.0;
				TARGETED_DEVICE_FAMILY = "1,2";
			};
			name = Debug;
		};
		B874131C2C40FD40003A7D44 /* Release */ = {
			isa = XCBuildConfiguration;
			buildSettings = {
				ASSETCATALOG_COMPILER_APPICON_NAME = AppIcon;
				ASSETCATALOG_COMPILER_GLOBAL_ACCENT_COLOR_NAME = AccentColor;
				CODE_SIGN_STYLE = Automatic;
				CURRENT_PROJECT_VERSION = 1;
				GENERATE_INFOPLIST_FILE = YES;
				INFOPLIST_FILE = Movies_Database_App/Info.plist;
				INFOPLIST_KEY_UIApplicationSupportsIndirectInputEvents = YES;
				INFOPLIST_KEY_UILaunchStoryboardName = LaunchScreen;
				INFOPLIST_KEY_UIMainStoryboardFile = Main;
				INFOPLIST_KEY_UISupportedInterfaceOrientations_iPad = "UIInterfaceOrientationPortrait UIInterfaceOrientationPortraitUpsideDown UIInterfaceOrientationLandscapeLeft UIInterfaceOrientationLandscapeRight";
				INFOPLIST_KEY_UISupportedInterfaceOrientations_iPhone = "UIInterfaceOrientationPortrait UIInterfaceOrientationLandscapeLeft UIInterfaceOrientationLandscapeRight";
				LD_RUNPATH_SEARCH_PATHS = (
					"$(inherited)",
					"@executable_path/Frameworks",
				);
				MARKETING_VERSION = 1.0;
				PRODUCT_BUNDLE_IDENTIFIER = "com.cricbuzz.Movies-Database-App";
				PRODUCT_NAME = "$(TARGET_NAME)";
				SWIFT_EMIT_LOC_STRINGS = YES;
				SWIFT_VERSION = 5.0;
				TARGETED_DEVICE_FAMILY = "1,2";
			};
			name = Release;
		};
/* End XCBuildConfiguration section */

/* Begin XCConfigurationList section */
		B87413012C40FD3C003A7D44 /* Build configuration list for PBXProject "Movies_Database_App" */ = {
			isa = XCConfigurationList;
			buildConfigurations = (
				B87413182C40FD40003A7D44 /* Debug */,
				B87413192C40FD40003A7D44 /* Release */,
			);
			defaultConfigurationIsVisible = 0;
			defaultConfigurationName = Release;
		};
		B874131A2C40FD40003A7D44 /* Build configuration list for PBXNativeTarget "Movies_Database_App" */ = {
			isa = XCConfigurationList;
			buildConfigurations = (
				B874131B2C40FD40003A7D44 /* Debug */,
				B874131C2C40FD40003A7D44 /* Release */,
			);
			defaultConfigurationIsVisible = 0;
			defaultConfigurationName = Release;
		};
/* End XCConfigurationList section */
	};
	rootObject = B87412FE2C40FD3C003A7D44 /* Project object */;
}
